
Microsoft Visual Studio Solution File, Format Version 12.00
# Visual Studio Version 17
VisualStudioVersion = 17.4.33205.214
MinimumVisualStudioVersion = 10.0.40219.1
Project("{9A19103F-16F7-4668-BE54-9A1E7A4F7556}") = "QuickFont", "QuickFont.csproj", "{3A11ADC0-F012-4363-9B19-7784FB1BDEF2}"
EndProject
Global
	GlobalSection(SolutionConfigurationPlatforms) = preSolution
		Debug|Any CPU = Debug|Any CPU
		Release|Any CPU = Release|Any CPU
	EndGlobalSection
	GlobalSection(ProjectConfigurationPlatforms) = postSolution
		{3A11ADC0-F012-4363-9B19-7784FB1BDEF2}.Debug|Any CPU.ActiveCfg = Debug|Any CPU
		{3A11ADC0-F012-4363-9B19-7784FB1BDEF2}.Debug|Any CPU.Build.0 = Debug|Any CPU
		{3A11ADC0-F012-4363-9B19-7784FB1BDEF2}.Release|Any CPU.ActiveCfg = Release|Any CPU
		{3A11ADC0-F012-4363-9B19-7784FB1BDEF2}.Release|Any CPU.Build.0 = Release|Any CPU
	EndGlobalSection
	GlobalSection(SolutionProperties) = preSolution
		HideSolutionNode = FALSE
	EndGlobalSection
	GlobalSection(ExtensibilityGlobals) = postSolution
		SolutionGuid = {4948A4F6-2656-4776-A325-B1DD9E69EA13}
	EndGlobalSection
EndGlobal
